
Microsoft Visual Studio Solution File, Format Version 12.00
# Visual Studio Version 17
VisualStudioVersion = 17.1.32421.90
MinimumVisualStudioVersion = 10.0.40219.1
Project("{FAE04EC0-301F-11D3-BF4B-00C04F79EFBC}") = "FoodHubAPI", "FoodHubAPI\FoodHubAPI.csproj", "{735852D4-50CB-4CE4-9678-9971D2D06F8B}"
EndProject
Global
	GlobalSection(SolutionConfigurationPlatforms) = preSolution
		Debug|Any CPU = Debug|Any CPU
		Release|Any CPU = Release|Any CPU
	EndGlobalSection
	GlobalSection(ProjectConfigurationPlatforms) = postSolution
		{735852D4-50CB-4CE4-9678-9971D2D06F8B}.Debug|Any CPU.ActiveCfg = Debug|Any CPU
		{735852D4-50CB-4CE4-9678-9971D2D06F8B}.Debug|Any CPU.Build.0 = Debug|Any CPU
		{735852D4-50CB-4CE4-9678-9971D2D06F8B}.Release|Any CPU.ActiveCfg = Release|Any CPU
		{735852D4-50CB-4CE4-9678-9971D2D06F8B}.Release|Any CPU.Build.0 = Release|Any CPU
	EndGlobalSection
	GlobalSection(SolutionProperties) = preSolution
		HideSolutionNode = FALSE
	EndGlobalSection
	GlobalSection(ExtensibilityGlobals) = postSolution
		SolutionGuid = {4F99C890-2A47-4DA9-97AF-39DDCB35061F}
	EndGlobalSection
EndGlobal
